
Microsoft Visual Studio Solution File, Format Version 12.00
# Visual Studio Version 16
VisualStudioVersion = 16.0.32413.511
MinimumVisualStudioVersion = 10.0.40219.1
Project("{FAE04EC0-301F-11D3-BF4B-00C04F79EFBC}") = "WorkTask№1 - SnakeGame", "WorkTask№1 - SnakeGame\WorkTask№1 - SnakeGame.csproj", "{3C0C6897-C369-459B-AAF5-B560CD445DDF}"
EndProject
Global
	GlobalSection(SolutionConfigurationPlatforms) = preSolution
		Debug|Any CPU = Debug|Any CPU
		Release|Any CPU = Release|Any CPU
	EndGlobalSection
	GlobalSection(ProjectConfigurationPlatforms) = postSolution
		{3C0C6897-C369-459B-AAF5-B560CD445DDF}.Debug|Any CPU.ActiveCfg = Debug|Any CPU
		{3C0C6897-C369-459B-AAF5-B560CD445DDF}.Debug|Any CPU.Build.0 = Debug|Any CPU
		{3C0C6897-C369-459B-AAF5-B560CD445DDF}.Release|Any CPU.ActiveCfg = Release|Any CPU
		{3C0C6897-C369-459B-AAF5-B560CD445DDF}.Release|Any CPU.Build.0 = Release|Any CPU
	EndGlobalSection
	GlobalSection(SolutionProperties) = preSolution
		HideSolutionNode = FALSE
	EndGlobalSection
	GlobalSection(ExtensibilityGlobals) = postSolution
		SolutionGuid = {AAA6411C-BFE4-43B7-B8EC-30B7A72E354B}
	EndGlobalSection
EndGlobal
